Microsoft Visual Studio Solution File, Format Version 12.00
# Visual Studio Version 17
VisualStudioVersion = 17.13.35825.156
MinimumVisualStudioVersion = 10.0.40219.1
Project("{FAE04EC0-301F-11D3-BF4B-00C04F79EFBC}") = "Food_delivery", "Food_delivery\Food_delivery.csproj", "{27107198-C65C-417D-9099-ABC517AD7276}"
EndProject
Global
	GlobalSection(SolutionConfigurationPlatforms) = preSolution
		Debug|Any CPU = Debug|Any CPU
		Release|Any CPU = Release|Any CPU
	EndGlobalSection
	GlobalSection(ProjectConfigurationPlatforms) = postSolution
		{27107198-C65C-417D-9099-ABC517AD7276}.Debug|Any CPU.ActiveCfg = Debug|Any CPU
		{27107198-C65C-417D-9099-ABC517AD7276}.Debug|Any CPU.Build.0 = Debug|Any CPU
		{27107198-C65C-417D-9099-ABC517AD7276}.Release|Any CPU.ActiveCfg = Release|Any CPU
		{27107198-C65C-417D-9099-ABC517AD7276}.Release|Any CPU.Build.0 = Release|Any CPU
	EndGlobalSection
	GlobalSection(SolutionProperties) = preSolution
		HideSolutionNode = FALSE
	EndGlobalSection
	GlobalSection(ExtensibilityGlobals) = postSolution
		SolutionGuid = {C6E6B8E7-CD36-48D0-9518-402A55D0640C}
	EndGlobalSection
EndGlobal
